
Microsoft Visual Studio Solution File, Format Version 12.00
# Visual Studio Version 17
VisualStudioVersion = 17.5.33530.505
MinimumVisualStudioVersion = 10.0.40219.1
Project("{9A19103F-16F7-4668-BE54-9A1E7A4F7556}") = "PivotekaWebApi", "PivotekaWebApi.csproj", "{EBB1B5AE-31F9-499F-B4C5-130ED9FCD0B0}"
EndProject
Project("{9A19103F-16F7-4668-BE54-9A1E7A4F7556}") = "Pivoteka.Repositories.PostgreSQL", "..\Pivoteka.Repositories.PostgreSQL\Pivoteka.Repositories.PostgreSQL.csproj", "{533EC638-A83F-45C3-AB53-A8B7D995A6CC}"
EndProject
Project("{9A19103F-16F7-4668-BE54-9A1E7A4F7556}") = "Pivoteka.Repositories", "..\Pivoteka.Repositories\Pivoteka.Repositories.csproj", "{AE8EF9D1-F9AD-41E1-88F1-4A2FBFF2866B}"
EndProject
Project("{9A19103F-16F7-4668-BE54-9A1E7A4F7556}") = "Pivoteka.DataAccess.PostgreSQL", "..\Pivoteka.DataAccess.PostgreSQL\Pivoteka.DataAccess.PostgreSQL.csproj", "{81A4F2DC-2403-47FB-9023-70B87772E6C7}"
EndProject
Project("{9A19103F-16F7-4668-BE54-9A1E7A4F7556}") = "Pivoteka.Commons", "..\Pivoteka.Commons\Pivoteka.Commons.csproj", "{C5B0218D-3645-42D7-BDCF-9DFD5547EDF4}"
EndProject
Project("{FAE04EC0-301F-11D3-BF4B-00C04F79EFBC}") = "PivotekaWebApi.UnitTests", "..\PivotekaWebApi.UnitTests\PivotekaWebApi.UnitTests.csproj", "{80CA53E8-B011-4FA5-9285-A2B6C1D1C8BD}"
EndProject
Project("{FAE04EC0-301F-11D3-BF4B-00C04F79EFBC}") = "PivotekaWebApi.IntegrationTests", "..\PivotekaWebApi.IntegrationTests\PivotekaWebApi.IntegrationTests.csproj", "{6B918A91-8E0E-493D-8324-6DD0C30A15E2}"
EndProject
Global
	GlobalSection(SolutionConfigurationPlatforms) = preSolution
		Debug|Any CPU = Debug|Any CPU
		Release|Any CPU = Release|Any CPU
	EndGlobalSection
	GlobalSection(ProjectConfigurationPlatforms) = postSolution
		{EBB1B5AE-31F9-499F-B4C5-130ED9FCD0B0}.Debug|Any CPU.ActiveCfg = Debug|Any CPU
		{EBB1B5AE-31F9-499F-B4C5-130ED9FCD0B0}.Debug|Any CPU.Build.0 = Debug|Any CPU
		{EBB1B5AE-31F9-499F-B4C5-130ED9FCD0B0}.Release|Any CPU.ActiveCfg = Release|Any CPU
		{EBB1B5AE-31F9-499F-B4C5-130ED9FCD0B0}.Release|Any CPU.Build.0 = Release|Any CPU
		{533EC638-A83F-45C3-AB53-A8B7D995A6CC}.Debug|Any CPU.ActiveCfg = Debug|Any CPU
		{533EC638-A83F-45C3-AB53-A8B7D995A6CC}.Debug|Any CPU.Build.0 = Debug|Any CPU
		{533EC638-A83F-45C3-AB53-A8B7D995A6CC}.Release|Any CPU.ActiveCfg = Release|Any CPU
		{533EC638-A83F-45C3-AB53-A8B7D995A6CC}.Release|Any CPU.Build.0 = Release|Any CPU
		{AE8EF9D1-F9AD-41E1-88F1-4A2FBFF2866B}.Debug|Any CPU.ActiveCfg = Debug|Any CPU
		{AE8EF9D1-F9AD-41E1-88F1-4A2FBFF2866B}.Debug|Any CPU.Build.0 = Debug|Any CPU
		{AE8EF9D1-F9AD-41E1-88F1-4A2FBFF2866B}.Release|Any CPU.ActiveCfg = Release|Any CPU
		{AE8EF9D1-F9AD-41E1-88F1-4A2FBFF2866B}.Release|Any CPU.Build.0 = Release|Any CPU
		{81A4F2DC-2403-47FB-9023-70B87772E6C7}.Debug|Any CPU.ActiveCfg = Debug|Any CPU
		{81A4F2DC-2403-47FB-9023-70B87772E6C7}.Debug|Any CPU.Build.0 = Debug|Any CPU
		{81A4F2DC-2403-47FB-9023-70B87772E6C7}.Release|Any CPU.ActiveCfg = Release|Any CPU
		{81A4F2DC-2403-47FB-9023-70B87772E6C7}.Release|Any CPU.Build.0 = Release|Any CPU
		{C5B0218D-3645-42D7-BDCF-9DFD5547EDF4}.Debug|Any CPU.ActiveCfg = Debug|Any CPU
		{C5B0218D-3645-42D7-BDCF-9DFD5547EDF4}.Debug|Any CPU.Build.0 = Debug|Any CPU
		{C5B0218D-3645-42D7-BDCF-9DFD5547EDF4}.Release|Any CPU.ActiveCfg = Release|Any CPU
		{C5B0218D-3645-42D7-BDCF-9DFD5547EDF4}.Release|Any CPU.Build.0 = Release|Any CPU
		{80CA53E8-B011-4FA5-9285-A2B6C1D1C8BD}.Debug|Any CPU.ActiveCfg = Debug|Any CPU
		{80CA53E8-B011-4FA5-9285-A2B6C1D1C8BD}.Debug|Any CPU.Build.0 = Debug|Any CPU
		{80CA53E8-B011-4FA5-9285-A2B6C1D1C8BD}.Release|Any CPU.ActiveCfg = Release|Any CPU
		{80CA53E8-B011-4FA5-9285-A2B6C1D1C8BD}.Release|Any CPU.Build.0 = Release|Any CPU
		{6B918A91-8E0E-493D-8324-6DD0C30A15E2}.Debug|Any CPU.ActiveCfg = Debug|Any CPU
		{6B918A91-8E0E-493D-8324-6DD0C30A15E2}.Debug|Any CPU.Build.0 = Debug|Any CPU
		{6B918A91-8E0E-493D-8324-6DD0C30A15E2}.Release|Any CPU.ActiveCfg = Release|Any CPU
		{6B918A91-8E0E-493D-8324-6DD0C30A15E2}.Release|Any CPU.Build.0 = Release|Any CPU
	EndGlobalSection
	GlobalSection(SolutionProperties) = preSolution
		HideSolutionNode = FALSE
	EndGlobalSection
	GlobalSection(ExtensibilityGlobals) = postSolution
		SolutionGuid = {14EAE24A-8751-4F4B-8330-9099D939B440}
	EndGlobalSection
EndGlobal
